
Microsoft Visual Studio Solution File, Format Version 12.00
# Visual Studio Version 17
VisualStudioVersion = 17.5.33502.453
MinimumVisualStudioVersion = 10.0.40219.1
Project("{FAE04EC0-301F-11D3-BF4B-00C04F79EFBC}") = "PLNCompiler", "PLNCompiler.csproj", "{4723DE78-ADE9-46E5-8A48-C2E4AE771906}"
EndProject
Project("{FAE04EC0-301F-11D3-BF4B-00C04F79EFBC}") = "PLNLib", "..\PLNLib\PLNLib.csproj", "{4F38F77E-B7C8-4E67-88AE-5A614C82DA4A}"
EndProject
Project("{FAE04EC0-301F-11D3-BF4B-00C04F79EFBC}") = "PLNEditor", "..\PLNEditor\PLNEditor.csproj", "{6501BBFF-235B-4DEA-9569-D9FB4D805986}"
	ProjectSection(ProjectDependencies) = postProject
		{4723DE78-ADE9-46E5-8A48-C2E4AE771906} = {4723DE78-ADE9-46E5-8A48-C2E4AE771906}
	EndProjectSection
EndProject
Project("{2150E333-8FDC-42A3-9474-1A3956D46DE8}") = "Элементы решения", "Элементы решения", "{5443BB80-380C-44D9-9094-5D8626DF8367}"
	ProjectSection(SolutionItems) = preProject
		..\README.md = ..\README.md
	EndProjectSection
EndProject
Global
	GlobalSection(SolutionConfigurationPlatforms) = preSolution
		Debug|Any CPU = Debug|Any CPU
		Release|Any CPU = Release|Any CPU
	EndGlobalSection
	GlobalSection(ProjectConfigurationPlatforms) = postSolution
		{4723DE78-ADE9-46E5-8A48-C2E4AE771906}.Debug|Any CPU.ActiveCfg = Debug|Any CPU
		{4723DE78-ADE9-46E5-8A48-C2E4AE771906}.Debug|Any CPU.Build.0 = Debug|Any CPU
		{4723DE78-ADE9-46E5-8A48-C2E4AE771906}.Release|Any CPU.ActiveCfg = Release|Any CPU
		{4723DE78-ADE9-46E5-8A48-C2E4AE771906}.Release|Any CPU.Build.0 = Release|Any CPU
		{4F38F77E-B7C8-4E67-88AE-5A614C82DA4A}.Debug|Any CPU.ActiveCfg = Debug|Any CPU
		{4F38F77E-B7C8-4E67-88AE-5A614C82DA4A}.Debug|Any CPU.Build.0 = Debug|Any CPU
		{4F38F77E-B7C8-4E67-88AE-5A614C82DA4A}.Release|Any CPU.ActiveCfg = Release|Any CPU
		{4F38F77E-B7C8-4E67-88AE-5A614C82DA4A}.Release|Any CPU.Build.0 = Release|Any CPU
		{6501BBFF-235B-4DEA-9569-D9FB4D805986}.Debug|Any CPU.ActiveCfg = Debug|Any CPU
		{6501BBFF-235B-4DEA-9569-D9FB4D805986}.Debug|Any CPU.Build.0 = Debug|Any CPU
		{6501BBFF-235B-4DEA-9569-D9FB4D805986}.Release|Any CPU.ActiveCfg = Release|Any CPU
		{6501BBFF-235B-4DEA-9569-D9FB4D805986}.Release|Any CPU.Build.0 = Release|Any CPU
	EndGlobalSection
	GlobalSection(SolutionProperties) = preSolution
		HideSolutionNode = FALSE
	EndGlobalSection
	GlobalSection(ExtensibilityGlobals) = postSolution
		SolutionGuid = {72B657E4-C7F1-4898-8E6C-B5808AAD52E9}
	EndGlobalSection
EndGlobal
